
Microsoft Visual Studio Solution File, Format Version 12.00
# Visual Studio Version 16
VisualStudioVersion = 16.0.31829.152
MinimumVisualStudioVersion = 10.0.40219.1
Project("{FAE04EC0-301F-11D3-BF4B-00C04F79EFBC}") = "Pizzacase", "Pizzacase.csproj", "{380B252F-9A5A-49A1-9AE6-B7D94D501D92}"
EndProject
Global
	GlobalSection(SolutionConfigurationPlatforms) = preSolution
		Debug|Any CPU = Debug|Any CPU
		Release|Any CPU = Release|Any CPU
	EndGlobalSection
	GlobalSection(ProjectConfigurationPlatforms) = postSolution
		{380B252F-9A5A-49A1-9AE6-B7D94D501D92}.Debug|Any CPU.ActiveCfg = Debug|Any CPU
		{380B252F-9A5A-49A1-9AE6-B7D94D501D92}.Debug|Any CPU.Build.0 = Debug|Any CPU
		{380B252F-9A5A-49A1-9AE6-B7D94D501D92}.Release|Any CPU.ActiveCfg = Release|Any CPU
		{380B252F-9A5A-49A1-9AE6-B7D94D501D92}.Release|Any CPU.Build.0 = Release|Any CPU
	EndGlobalSection
	GlobalSection(SolutionProperties) = preSolution
		HideSolutionNode = FALSE
	EndGlobalSection
	GlobalSection(ExtensibilityGlobals) = postSolution
		SolutionGuid = {F5EFBCC9-1BB6-45FD-946F-B60CD5C8DDAF}
	EndGlobalSection
EndGlobal
